
Microsoft Visual Studio Solution File, Format Version 9.00
# Visual Studio 2005
Project("{E24C65DC-7377-472B-9ABA-BC803B73C61A}") = "C:\...\PictureService\", "..\..\PictureService\", "{0E57DB1D-3A59-40E2-8676-A7F1B134F3CF}"
	ProjectSection(WebsiteProperties) = preProject
		Debug.AspNetCompiler.VirtualPath = "/PictureService"
		Debug.AspNetCompiler.PhysicalPath = "..\..\PictureService\"
		Debug.AspNetCompiler.TargetPath = "PrecompiledWeb\PictureService\"
		Debug.AspNetCompiler.Updateable = "true"
		Debug.AspNetCompiler.ForceOverwrite = "true"
		Debug.AspNetCompiler.FixedNames = "false"
		Debug.AspNetCompiler.Debug = "True"
		Release.AspNetCompiler.VirtualPath = "/PictureService"
		Release.AspNetCompiler.PhysicalPath = "..\..\PictureService\"
		Release.AspNetCompiler.TargetPath = "PrecompiledWeb\PictureService\"
		Release.AspNetCompiler.Updateable = "true"
		Release.AspNetCompiler.ForceOverwrite = "true"
		Release.AspNetCompiler.FixedNames = "false"
		Release.AspNetCompiler.Debug = "False"
		VWDPort = "2483"
		DefaultWebSiteLanguage = "Visual C#"
	EndProjectSection
EndProject
Global
	GlobalSection(SolutionConfigurationPlatforms) = preSolution
		Debug|.NET = Debug|.NET
	EndGlobalSection
	GlobalSection(ProjectConfigurationPlatforms) = postSolution
		{0E57DB1D-3A59-40E2-8676-A7F1B134F3CF}.Debug|.NET.ActiveCfg = Debug|.NET
		{0E57DB1D-3A59-40E2-8676-A7F1B134F3CF}.Debug|.NET.Build.0 = Debug|.NET
	EndGlobalSection
	GlobalSection(SolutionProperties) = preSolution
		HideSolutionNode = FALSE
	EndGlobalSection
EndGlobal
